github.com/BurntSushi/toml v0.3.1 h1:WXkYYl6Yr3qBf1K79EBnL4mak0OimBfB0XUf9Vl28OQ=
github.com/BurntSushi/toml v0.3.1/go.mod h1:xHWCNGjB5oqiDr8zfno3MHue2Ht5sIBksp03qcyfWMU=
github.com/FiloSottile/CVE-2016-2107 v0.0.0-20160513191821-17e9b6082f41 h1:MFhC+GK98qlnNBJWKHx2hcErBWV518xAklawIrICY4g=
github.com/FiloSottile/CVE-2016-2107 v0.0.0-20160513191821-17e9b6082f41/go.mod h1:Y00ZD1FNSMTFSqW2BeVIivVCIV4XcF7u3tJzq4YwZ5I=
github.com/adevinta/gozuul v0.0.0-20190826162702-ffddba644c3f h1:ChL8XjqKcqZ5LsS/cFx9++uquIBIEKP7mf70LByd/Oo=
github.com/adevinta/gozuul v0.0.0-20190826162702-ffddba644c3f/go.mod h1:QljCYZvsmWhtbnOxlvqGC19JEQwx5gh5+rQDgtKPul4=
github.com/adevinta/restuss v0.0.0-20190819135751-1e5c4325e9ee h1:bRuRfE5WvXf4btWcQOJdxGMPpfUPq/LhaLCjk9OI20U=
github.com/adevinta/restuss v0.0.0-20190819135751-1e5c4325e9ee/go.mod h1:8dMhe4LgwRr18Izq4gJHEb0JGWyDd4k7eJawvSwaqNM=
github.com/adevinta/vulcan-check-sdk v0.0.0-20190916123546-100c3a96f161 h1:gaACJ3cX0+V7IldTRbrkHl0X3GhBONl/S8oBUqsvg8E=
github.com/adevinta/vulcan-check-sdk v0.0.0-20190916123546-100c3a96f161/go.mod h1:qDsh1pwg/31OynM/c/OykHqT3/3Mxwh6ajpsVjpVir8=
github.com/adevinta/vulcan-report v0.0.0-20190503133936-d8a2d4cb18ff h1:ZazuZSOfV8oo70SWdjLQi+In4GSmJCA2rwsliyz9KNs=
github.com/adevinta/vulcan-report v0.0.0-20190503133936-d8a2d4cb18ff/go.mod h1:GtAon6TymHFTOPwRdR7SHun/TSM1kyPMQYXxGLTR8eQ=
github.com/aws/aws-sdk-go v1.25.1 h1:d7zDXFT2Tgq/yw7Wku49+lKisE8Xc85erb+8PlE/Shk=
github.com/aws/aws-sdk-go v1.25.1/go.mod h1:KmX6BPdI08NWTb3/sm4ZGu5ShLoqVDhKgpiN924inxo=
github.com/davecgh/go-spew v1.1.1/go.mod h1:J7Y8YcW2NihsgmVo/mv3lAwl/skON4iLHjSsI+c5H38=
github.com/hashicorp/go-version v1.2.0 h1:3vNe/fWF5CBgRIguda1meWhsZHy3m8gCJ5wx+dIzX/E=
github.com/hashicorp/go-version v1.2.0/go.mod h1:fltr4n8CU8Ke44wwGCBoEymUuxUHl09ZGVZPK5anwXA=
github.com/jmespath/go-jmespath v0.0.0-20180206201540-c2b33e8439af h1:pmfjZENx5imkbgOkpRUYLnmbU7UEFbjtDA2hxJ1ichM=
github.com/jmespath/go-jmespath v0.0.0-20180206201540-c2b33e8439af/go.mod h1:Nht3zPeWKUH0NzdCt2Blrr5ys8VGpn0CEB0cQHVjt7k=
github.com/jpillora/backoff v0.0.0-20180909062703-3050d21c67d7 h1:K//n/AqR5HjG3qxbrBCL4vJPW0MVFSs9CPK1OOJdRME=
github.com/jpillora/backoff v0.0.0-20180909062703-3050d21c67d7/go.mod h1:2iMrUgbbvHEiQClaW2NsSzMyGHqN+rDFqY705q49KG0=
github.com/knqyf263/go-rpm-version v0.0.0-20170716094938-74609b86c936 h1:HDjRqotkViMNcGMGicb7cgxklx8OwnjtCBmyWEqrRvM=
github.com/knqyf263/go-rpm-version v0.0.0-20170716094938-74609b86c936/go.mod h1:i4sF0l1fFnY1aiw08QQSwVAFxHEm311Me3WsU/X7nL0=
github.com/konsorten/go-windows-terminal-sequences v1.0.1 h1:mweAR1A6xJ3oS2pRaGiHgQ4OO8tzTaLawm8vnODuwDk=
github.com/konsorten/go-windows-terminal-sequences v1.0.1/go.mod h1:T0+1ngSBFLxvqU3pZ+m/2kptfBszLMUkC4ZK/EgS/cQ=
github.com/kr/pretty v0.1.0 h1:L/CwN0zerZDmRFUapSPitk6f+Q3+0za1rQkzVuMiMFI=
github.com/kr/pretty v0.1.0/go.mod h1:dAy3ld7l9f0ibDNOQOHHMYYIIbhfbHSm3C4ZsoJORNo=
github.com/kr/pty v1.1.1/go.mod h1:pFQYn66WHrOpPYNljwOMqo10TkYh1fy3cYio2l3bCsQ=
github.com/kr/text v0.1.0 h1:45sCR5RtlFHMR4UwH9sdQ5TC8v0qDQCHnXt+kaKSTVE=
github.com/kr/text v0.1.0/go.mod h1:4Jbv+DJW3UT/LiOwJeYQe1efqtUx/iVham/4vfdArNI=
github.com/lair-framework/go-nmap v0.0.0-20181105160706-3b9bafddefee h1:kente5nMU+zzrv+pwYzn1UwIM3jCjNAO8S6j1gueCu0=
github.com/lair-framework/go-nmap v0.0.0-20181105160706-3b9bafddefee/go.mod h1:7Em1Lxm3DFdLvXWUZ6bQ/xIbGlxFy7jl07bziQMZ/kU=
github.com/miekg/dns v1.1.19 h1:0ymbfaLG1/utH2+BydNiF+dx1jSEmdr/nylOtkGHZZg=
github.com/miekg/dns v1.1.19/go.mod h1:bPDLeHnStXmXAq1m/Ch/hvfNHr14JKNPMBo3VZKjuso=
github.com/pmezard/go-difflib v1.0.0/go.mod h1:iKH77koFhYxTK1pcRnkKkqfTogsbg7gZNVY4sRDYZ/4=
github.com/sirupsen/logrus v1.4.2 h1:SPIRibHv4MatM3XXNO2BJeFLZwZ2LvZgfQ5+UNI2im4=
github.com/sirupsen/logrus v1.4.2/go.mod h1:tLMulIdttU9McNUspp0xgXVQah82FyeX6MwdIuYE2rE=
github.com/stretchr/objx v0.1.1/go.mod h1:HFkY916IF+rwdDfMAkV7OtwuqBVzrE8GR6GFx+wExME=
github.com/stretchr/testify v1.2.2/go.mod h1:a8OnRcib4nhh0OaRAV+Yts87kKdq0PP7pXfy6kDkUVs=
github.com/zaproxy/zap-api-go v0.0.0-20180130105416-8779ab35e992 h1:1bcuck5Gp81nV9YQ2/V8KzmQLOEpng0JlnHSqUsV7/Q=
github.com/zaproxy/zap-api-go v0.0.0-20180130105416-8779ab35e992/go.mod h1:lBqVZ0hGhjkg0sL/0O7IG1QE+kv3sRQMtpKuyZi5llY=
golang.org/x/crypto v0.0.0-20190308221718-c2843e01d9a2/go.mod h1:djNgcEr1/C05ACkg1iLfiJU5Ep61QUkGW8qpdssI0+w=
golang.org/x/crypto v0.0.0-20190923035154-9ee001bba392 h1:ACG4HJsFiNMf47Y4PeRoebLNy/2lXT9EtprMuTFWt1M=
golang.org/x/crypto v0.0.0-20190923035154-9ee001bba392/go.mod h1:/lpIB1dKB+9EgE3H3cr1v9wB50oz8l4C4h62xy7jSTY=
golang.org/x/net v0.0.0-20181220203305-927f97764cc3 h1:eH6Eip3UpmR+yM/qI9Ijluzb1bNv/cAU/n+6l8tRSis=
golang.org/x/net v0.0.0-20181220203305-927f97764cc3/go.mod h1:mL1N/T3taQHkDXs73rZJwtUhF3w3ftmwwsq0BUmARs4=
golang.org/x/net v0.0.0-20190404232315-eb5bcb51f2a3/go.mod h1:t9HGtf8HONx5eT2rtn7q6eTqICYqUVnKs3thJo3Qplg=
golang.org/x/net v0.0.0-20190620200207-3b0461eec859/go.mod h1:z5CRVTTTmAJ677TzLLGU+0bjPO0LkuOLi4/5GtJWs/s=
golang.org/x/net v0.0.0-20190923162816-aa69164e4478 h1:l5EDrHhldLYb3ZRHDUhXF7Om7MvYXnkV9/iQNo1lX6g=
golang.org/x/net v0.0.0-20190923162816-aa69164e4478/go.mod h1:z5CRVTTTmAJ677TzLLGU+0bjPO0LkuOLi4/5GtJWs/s=
golang.org/x/sync v0.0.0-20190423024810-112230192c58/go.mod h1:RxMgew5VJxzue5/jJTE5uejpjVlOe/izrB70Jof72aM=
golang.org/x/sys v0.0.0-20190215142949-d0b11bdaac8a/go.mod h1:STP8DvDyc/dI5b8T5hshtkjS+E42TnysNCUPdjciGhY=
golang.org/x/sys v0.0.0-20190422165155-953cdadca894 h1:Cz4ceDQGXuKRnVBDTS23GTn/pU5OE2C0WrNTOYK1Uuc=
golang.org/x/sys v0.0.0-20190422165155-953cdadca894/go.mod h1:h1NjWce9XRLGQEsW7wpKNCjG9DtNlClVuFLEZdDNbEs=
golang.org/x/sys v0.0.0-20190922100055-0a153f010e69/go.mod h1:h1NjWce9XRLGQEsW7wpKNCjG9DtNlClVuFLEZdDNbEs=
golang.org/x/sys v0.0.0-20190924154521-2837fb4f24fe h1:6fAMxZRR6sl1Uq8U61gxU+kPTs2tR8uOySCbBP7BN/M=
golang.org/x/sys v0.0.0-20190924154521-2837fb4f24fe/go.mod h1:h1NjWce9XRLGQEsW7wpKNCjG9DtNlClVuFLEZdDNbEs=
golang.org/x/text v0.3.0/go.mod h1:NqM8EUOU14njkJ3fqMW+pc6Ldnwhi/IjpwHt7yyuwOQ=
golang.org/x/text v0.3.2/go.mod h1:bEr9sfX3Q8Zfm5fL9x+3itogRgK3+ptLWKqgva+5dAk=
golang.org/x/tools v0.0.0-20180917221912-90fa682c2a6e/go.mod h1:n7NCudcB/nEzxVGmLbDWY5pfWTLqBcC2KZ6jyYvM4mQ=
golang.org/x/tools v0.0.0-20190907020128-2ca718005c18/go.mod h1:b+2E5dAYhXwXZwtnZ6UAqBI28+e2cm9otk0dWdXHAEo=
golang.org/x/xerrors v0.0.0-20190717185122-a985d3407aa7/go.mod h1:I/5z698sn9Ka8TeJc9MKroUUfqBBauWjQqLJ2OPfmY0=
gopkg.in/resty.v1 v1.12.0 h1:CuXP0Pjfw9rOuY6EP+UvtNvt5DSqHpIxILZKT/quCZI=
gopkg.in/resty.v1 v1.12.0/go.mod h1:mDo4pnntr5jdWRML875a/NmxYqAlA73dVijT2AXvQQo=
